Microsoft Visual Studio Solution File, Format Version 11.00
# Visual Studio 2008

Project("{F7BE5855-5F93-F09A-488B-0E019A146684}") = "JumperEvolution2", "Assembly-CSharp.csproj", "{91D1C2A2-880B-E514-CE51-10CA11422B6D}"
EndProject
Global
	GlobalSection(SolutionConfigurationPlatforms) = preSolution
		Debug|Any CPU = Debug|Any CPU
		Release|Any CPU = Release|Any CPU
	EndGlobalSection
	GlobalSection(ProjectConfigurationPlatforms) = postSolution
		{91D1C2A2-880B-E514-CE51-10CA11422B6D}.Debug|Any CPU.ActiveCfg = Debug|Any CPU
		{91D1C2A2-880B-E514-CE51-10CA11422B6D}.Debug|Any CPU.Build.0 = Debug|Any CPU
		{91D1C2A2-880B-E514-CE51-10CA11422B6D}.Release|Any CPU.ActiveCfg = Release|Any CPU
		{91D1C2A2-880B-E514-CE51-10CA11422B6D}.Release|Any CPU.Build.0 = Release|Any CPU
	EndGlobalSection
	GlobalSection(SolutionProperties) = preSolution
		HideSolutionNode = FALSE
	EndGlobalSection
									GlobalSection(MonoDevelopProperties) = preSolution
		StartupItem = Assembly-CSharp.csproj
		Policies = $0
		$0.TextStylePolicy = $1
		$1.inheritsSet = null
		$1.scope = text/x-csharp
		$0.CSharpFormattingPolicy = $2
		$2.inheritsSet = Mono
		$2.inheritsScope = text/x-csharp
		$2.scope = text/x-csharp
		$0.TextStylePolicy = $3
		$3.FileWidth = 120
		$3.TabWidth = 4
		$3.IndentWidth = 4
		$3.EolMarker = Unix
		$3.inheritsSet = Mono
		$3.inheritsScope = text/plain
		$3.scope = text/plain
	EndGlobalSection

EndGlobal
